
Microsoft Visual Studio Solution File, Format Version 12.00
# Visual Studio 15
VisualStudioVersion = 15.0.28307.645
MinimumVisualStudioVersion = 10.0.40219.1
Project("{FAE04EC0-301F-11D3-BF4B-00C04F79EFBC}") = "Recipes.Android", "Recipes\Recipes.Android\Recipes.Android.csproj", "{08DDF33A-AB01-4E41-B1D5-52F0083917C1}"
EndProject
Project("{FAE04EC0-301F-11D3-BF4B-00C04F79EFBC}") = "Recipes.iOS", "Recipes\Recipes.iOS\Recipes.iOS.csproj", "{0DE9829E-ACE2-45FE-9D4E-E25F3F7C8290}"
EndProject
Project("{FAE04EC0-301F-11D3-BF4B-00C04F79EFBC}") = "Recipes", "Recipes\Recipes\Recipes.csproj", "{70FFD127-4147-4652-8FA1-9B2789D6330C}"
EndProject
Global
	GlobalSection(SolutionConfigurationPlatforms) = preSolution
		Ad-Hoc|Any CPU = Ad-Hoc|Any CPU
		Ad-Hoc|iPhone = Ad-Hoc|iPhone
		Ad-Hoc|iPhoneSimulator = Ad-Hoc|iPhoneSimulator
		AppStore|Any CPU = AppStore|Any CPU
		AppStore|iPhone = AppStore|iPhone
		AppStore|iPhoneSimulator = AppStore|iPhoneSimulator
		Debug|Any CPU = Debug|Any CPU
		Debug|iPhone = Debug|iPhone
		Debug|iPhoneSimulator = Debug|iPhoneSimulator
		Release|Any CPU = Release|Any CPU
		Release|iPhone = Release|iPhone
		Release|iPhoneSimulator = Release|iPhoneSimulator
	EndGlobalSection
	GlobalSection(ProjectConfigurationPlatforms) = postSolution
		{08DDF33A-AB01-4E41-B1D5-52F0083917C1}.Ad-Hoc|Any CPU.ActiveCfg = Release|Any CPU
		{08DDF33A-AB01-4E41-B1D5-52F0083917C1}.Ad-Hoc|Any CPU.Build.0 = Release|Any CPU
		{08DDF33A-AB01-4E41-B1D5-52F0083917C1}.Ad-Hoc|Any CPU.Deploy.0 = Release|Any CPU
		{08DDF33A-AB01-4E41-B1D5-52F0083917C1}.Ad-Hoc|iPhone.ActiveCfg = Release|Any CPU
		{08DDF33A-AB01-4E41-B1D5-52F0083917C1}.Ad-Hoc|iPhone.Build.0 = Release|Any CPU
		{08DDF33A-AB01-4E41-B1D5-52F0083917C1}.Ad-Hoc|iPhone.Deploy.0 = Release|Any CPU
		{08DDF33A-AB01-4E41-B1D5-52F0083917C1}.Ad-Hoc|iPhoneSimulator.ActiveCfg = Release|Any CPU
		{08DDF33A-AB01-4E41-B1D5-52F0083917C1}.Ad-Hoc|iPhoneSimulator.Build.0 = Release|Any CPU
		{08DDF33A-AB01-4E41-B1D5-52F0083917C1}.Ad-Hoc|iPhoneSimulator.Deploy.0 = Release|Any CPU
		{08DDF33A-AB01-4E41-B1D5-52F0083917C1}.AppStore|Any CPU.ActiveCfg = Release|Any CPU
		{08DDF33A-AB01-4E41-B1D5-52F0083917C1}.AppStore|Any CPU.Build.0 = Release|Any CPU
		{08DDF33A-AB01-4E41-B1D5-52F0083917C1}.AppStore|Any CPU.Deploy.0 = Release|Any CPU
		{08DDF33A-AB01-4E41-B1D5-52F0083917C1}.AppStore|iPhone.ActiveCfg = Release|Any CPU
		{08DDF33A-AB01-4E41-B1D5-52F0083917C1}.AppStore|iPhone.Build.0 = Release|Any CPU
		{08DDF33A-AB01-4E41-B1D5-52F0083917C1}.AppStore|iPhone.Deploy.0 = Release|Any CPU
		{08DDF33A-AB01-4E41-B1D5-52F0083917C1}.AppStore|iPhoneSimulator.ActiveCfg = Release|Any CPU
		{08DDF33A-AB01-4E41-B1D5-52F0083917C1}.AppStore|iPhoneSimulator.Build.0 = Release|Any CPU
		{08DDF33A-AB01-4E41-B1D5-52F0083917C1}.AppStore|iPhoneSimulator.Deploy.0 = Release|Any CPU
		{08DDF33A-AB01-4E41-B1D5-52F0083917C1}.Debug|Any CPU.ActiveCfg = Debug|Any CPU
		{08DDF33A-AB01-4E41-B1D5-52F0083917C1}.Debug|Any CPU.Build.0 = Debug|Any CPU
		{08DDF33A-AB01-4E41-B1D5-52F0083917C1}.Debug|Any CPU.Deploy.0 = Debug|Any CPU
		{08DDF33A-AB01-4E41-B1D5-52F0083917C1}.Debug|iPhone.ActiveCfg = Debug|Any CPU
		{08DDF33A-AB01-4E41-B1D5-52F0083917C1}.Debug|iPhone.Build.0 = Debug|Any CPU
		{08DDF33A-AB01-4E41-B1D5-52F0083917C1}.Debug|iPhone.Deploy.0 = Debug|Any CPU
		{08DDF33A-AB01-4E41-B1D5-52F0083917C1}.Debug|iPhoneSimulator.ActiveCfg = Debug|Any CPU
		{08DDF33A-AB01-4E41-B1D5-52F0083917C1}.Debug|iPhoneSimulator.Build.0 = Debug|Any CPU
		{08DDF33A-AB01-4E41-B1D5-52F0083917C1}.Debug|iPhoneSimulator.Deploy.0 = Debug|Any CPU
		{08DDF33A-AB01-4E41-B1D5-52F0083917C1}.Release|Any CPU.ActiveCfg = Release|Any CPU
		{08DDF33A-AB01-4E41-B1D5-52F0083917C1}.Release|Any CPU.Build.0 = Release|Any CPU
		{08DDF33A-AB01-4E41-B1D5-52F0083917C1}.Release|Any CPU.Deploy.0 = Release|Any CPU
		{08DDF33A-AB01-4E41-B1D5-52F0083917C1}.Release|iPhone.ActiveCfg = Release|Any CPU
		{08DDF33A-AB01-4E41-B1D5-52F0083917C1}.Release|iPhone.Build.0 = Release|Any CPU
		{08DDF33A-AB01-4E41-B1D5-52F0083917C1}.Release|iPhone.Deploy.0 = Release|Any CPU
		{08DDF33A-AB01-4E41-B1D5-52F0083917C1}.Release|iPhoneSimulator.ActiveCfg = Release|Any CPU
		{08DDF33A-AB01-4E41-B1D5-52F0083917C1}.Release|iPhoneSimulator.Build.0 = Release|Any CPU
		{08DDF33A-AB01-4E41-B1D5-52F0083917C1}.Release|iPhoneSimulator.Deploy.0 = Release|Any CPU
		{0DE9829E-ACE2-45FE-9D4E-E25F3F7C8290}.Ad-Hoc|Any CPU.ActiveCfg = Ad-Hoc|iPhone
		{0DE9829E-ACE2-45FE-9D4E-E25F3F7C8290}.Ad-Hoc|Any CPU.Build.0 = Ad-Hoc|iPhone
		{0DE9829E-ACE2-45FE-9D4E-E25F3F7C8290}.Ad-Hoc|Any CPU.Deploy.0 = Ad-Hoc|iPhone
		{0DE9829E-ACE2-45FE-9D4E-E25F3F7C8290}.Ad-Hoc|iPhone.ActiveCfg = Ad-Hoc|iPhone
		{0DE9829E-ACE2-45FE-9D4E-E25F3F7C8290}.Ad-Hoc|iPhone.Build.0 = Ad-Hoc|iPhone
		{0DE9829E-ACE2-45FE-9D4E-E25F3F7C8290}.Ad-Hoc|iPhone.Deploy.0 = Ad-Hoc|iPhone
		{0DE9829E-ACE2-45FE-9D4E-E25F3F7C8290}.Ad-Hoc|iPhoneSimulator.ActiveCfg = Ad-Hoc|iPhoneSimulator
		{0DE9829E-ACE2-45FE-9D4E-E25F3F7C8290}.Ad-Hoc|iPhoneSimulator.Build.0 = Ad-Hoc|iPhoneSimulator
		{0DE9829E-ACE2-45FE-9D4E-E25F3F7C8290}.Ad-Hoc|iPhoneSimulator.Deploy.0 = Ad-Hoc|iPhoneSimulator
		{0DE9829E-ACE2-45FE-9D4E-E25F3F7C8290}.AppStore|Any CPU.ActiveCfg = AppStore|iPhone
		{0DE9829E-ACE2-45FE-9D4E-E25F3F7C8290}.AppStore|Any CPU.Build.0 = AppStore|iPhone
		{0DE9829E-ACE2-45FE-9D4E-E25F3F7C8290}.AppStore|Any CPU.Deploy.0 = AppStore|iPhone
		{0DE9829E-ACE2-45FE-9D4E-E25F3F7C8290}.AppStore|iPhone.ActiveCfg = AppStore|iPhone
		{0DE9829E-ACE2-45FE-9D4E-E25F3F7C8290}.AppStore|iPhone.Build.0 = AppStore|iPhone
		{0DE9829E-ACE2-45FE-9D4E-E25F3F7C8290}.AppStore|iPhone.Deploy.0 = AppStore|iPhone
		{0DE9829E-ACE2-45FE-9D4E-E25F3F7C8290}.AppStore|iPhoneSimulator.ActiveCfg = AppStore|iPhoneSimulator
		{0DE9829E-ACE2-45FE-9D4E-E25F3F7C8290}.AppStore|iPhoneSimulator.Build.0 = AppStore|iPhoneSimulator
		{0DE9829E-ACE2-45FE-9D4E-E25F3F7C8290}.AppStore|iPhoneSimulator.Deploy.0 = AppStore|iPhoneSimulator
		{0DE9829E-ACE2-45FE-9D4E-E25F3F7C8290}.Debug|Any CPU.ActiveCfg = Debug|iPhoneSimulator
		{0DE9829E-ACE2-45FE-9D4E-E25F3F7C8290}.Debug|Any CPU.Build.0 = Debug|iPhoneSimulator
		{0DE9829E-ACE2-45FE-9D4E-E25F3F7C8290}.Debug|Any CPU.Deploy.0 = Debug|iPhoneSimulator
		{0DE9829E-ACE2-45FE-9D4E-E25F3F7C8290}.Debug|iPhone.ActiveCfg = Debug|iPhone
		{0DE9829E-ACE2-45FE-9D4E-E25F3F7C8290}.Debug|iPhone.Build.0 = Debug|iPhone
		{0DE9829E-ACE2-45FE-9D4E-E25F3F7C8290}.Debug|iPhone.Deploy.0 = Debug|iPhone
		{0DE9829E-ACE2-45FE-9D4E-E25F3F7C8290}.Debug|iPhoneSimulator.ActiveCfg = Debug|iPhoneSimulator
		{0DE9829E-ACE2-45FE-9D4E-E25F3F7C8290}.Debug|iPhoneSimulator.Build.0 = Debug|iPhoneSimulator
		{0DE9829E-ACE2-45FE-9D4E-E25F3F7C8290}.Debug|iPhoneSimulator.Deploy.0 = Debug|iPhoneSimulator
		{0DE9829E-ACE2-45FE-9D4E-E25F3F7C8290}.Release|Any CPU.ActiveCfg = Release|iPhone
		{0DE9829E-ACE2-45FE-9D4E-E25F3F7C8290}.Release|Any CPU.Build.0 = Release|iPhone
		{0DE9829E-ACE2-45FE-9D4E-E25F3F7C8290}.Release|Any CPU.Deploy.0 = Release|iPhone
		{0DE9829E-ACE2-45FE-9D4E-E25F3F7C8290}.Release|iPhone.ActiveCfg = Release|iPhone
		{0DE9829E-ACE2-45FE-9D4E-E25F3F7C8290}.Release|iPhone.Build.0 = Release|iPhone
		{0DE9829E-ACE2-45FE-9D4E-E25F3F7C8290}.Release|iPhone.Deploy.0 = Release|iPhone
		{0DE9829E-ACE2-45FE-9D4E-E25F3F7C8290}.Release|iPhoneSimulator.ActiveCfg = Release|iPhoneSimulator
		{0DE9829E-ACE2-45FE-9D4E-E25F3F7C8290}.Release|iPhoneSimulator.Build.0 = Release|iPhoneSimulator
		{0DE9829E-ACE2-45FE-9D4E-E25F3F7C8290}.Release|iPhoneSimulator.Deploy.0 = Release|iPhoneSimulator
		{70FFD127-4147-4652-8FA1-9B2789D6330C}.Ad-Hoc|Any CPU.ActiveCfg = Debug|Any CPU
		{70FFD127-4147-4652-8FA1-9B2789D6330C}.Ad-Hoc|Any CPU.Build.0 = Debug|Any CPU
		{70FFD127-4147-4652-8FA1-9B2789D6330C}.Ad-Hoc|Any CPU.Deploy.0 = Debug|Any CPU
		{70FFD127-4147-4652-8FA1-9B2789D6330C}.Ad-Hoc|iPhone.ActiveCfg = Debug|Any CPU
		{70FFD127-4147-4652-8FA1-9B2789D6330C}.Ad-Hoc|iPhone.Build.0 = Debug|Any CPU
		{70FFD127-4147-4652-8FA1-9B2789D6330C}.Ad-Hoc|iPhone.Deploy.0 = Debug|Any CPU
		{70FFD127-4147-4652-8FA1-9B2789D6330C}.Ad-Hoc|iPhoneSimulator.ActiveCfg = Debug|Any CPU
		{70FFD127-4147-4652-8FA1-9B2789D6330C}.Ad-Hoc|iPhoneSimulator.Build.0 = Debug|Any CPU
		{70FFD127-4147-4652-8FA1-9B2789D6330C}.Ad-Hoc|iPhoneSimulator.Deploy.0 = Debug|Any CPU
		{70FFD127-4147-4652-8FA1-9B2789D6330C}.AppStore|Any CPU.ActiveCfg = Debug|Any CPU
		{70FFD127-4147-4652-8FA1-9B2789D6330C}.AppStore|Any CPU.Build.0 = Debug|Any CPU
		{70FFD127-4147-4652-8FA1-9B2789D6330C}.AppStore|Any CPU.Deploy.0 = Debug|Any CPU
		{70FFD127-4147-4652-8FA1-9B2789D6330C}.AppStore|iPhone.ActiveCfg = Debug|Any CPU
		{70FFD127-4147-4652-8FA1-9B2789D6330C}.AppStore|iPhone.Build.0 = Debug|Any CPU
		{70FFD127-4147-4652-8FA1-9B2789D6330C}.AppStore|iPhone.Deploy.0 = Debug|Any CPU
		{70FFD127-4147-4652-8FA1-9B2789D6330C}.AppStore|iPhoneSimulator.ActiveCfg = Debug|Any CPU
		{70FFD127-4147-4652-8FA1-9B2789D6330C}.AppStore|iPhoneSimulator.Build.0 = Debug|Any CPU
		{70FFD127-4147-4652-8FA1-9B2789D6330C}.AppStore|iPhoneSimulator.Deploy.0 = Debug|Any CPU
		{70FFD127-4147-4652-8FA1-9B2789D6330C}.Debug|Any CPU.ActiveCfg = Debug|Any CPU
		{70FFD127-4147-4652-8FA1-9B2789D6330C}.Debug|Any CPU.Build.0 = Debug|Any CPU
		{70FFD127-4147-4652-8FA1-9B2789D6330C}.Debug|Any CPU.Deploy.0 = Debug|Any CPU
		{70FFD127-4147-4652-8FA1-9B2789D6330C}.Debug|iPhone.ActiveCfg = Debug|Any CPU
		{70FFD127-4147-4652-8FA1-9B2789D6330C}.Debug|iPhone.Build.0 = Debug|Any CPU
		{70FFD127-4147-4652-8FA1-9B2789D6330C}.Debug|iPhone.Deploy.0 = Debug|Any CPU
		{70FFD127-4147-4652-8FA1-9B2789D6330C}.Debug|iPhoneSimulator.ActiveCfg = Debug|Any CPU
		{70FFD127-4147-4652-8FA1-9B2789D6330C}.Debug|iPhoneSimulator.Build.0 = Debug|Any CPU
		{70FFD127-4147-4652-8FA1-9B2789D6330C}.Debug|iPhoneSimulator.Deploy.0 = Debug|Any CPU
		{70FFD127-4147-4652-8FA1-9B2789D6330C}.Release|Any CPU.ActiveCfg = Release|Any CPU
		{70FFD127-4147-4652-8FA1-9B2789D6330C}.Release|Any CPU.Build.0 = Release|Any CPU
		{70FFD127-4147-4652-8FA1-9B2789D6330C}.Release|Any CPU.Deploy.0 = Release|Any CPU
		{70FFD127-4147-4652-8FA1-9B2789D6330C}.Release|iPhone.ActiveCfg = Release|Any CPU
		{70FFD127-4147-4652-8FA1-9B2789D6330C}.Release|iPhone.Build.0 = Release|Any CPU
		{70FFD127-4147-4652-8FA1-9B2789D6330C}.Release|iPhone.Deploy.0 = Release|Any CPU
		{70FFD127-4147-4652-8FA1-9B2789D6330C}.Release|iPhoneSimulator.ActiveCfg = Release|Any CPU
		{70FFD127-4147-4652-8FA1-9B2789D6330C}.Release|iPhoneSimulator.Build.0 = Release|Any CPU
		{70FFD127-4147-4652-8FA1-9B2789D6330C}.Release|iPhoneSimulator.Deploy.0 = Release|Any CPU
	EndGlobalSection
	GlobalSection(SolutionProperties) = preSolution
		HideSolutionNode = FALSE
	EndGlobalSection
	GlobalSection(ExtensibilityGlobals) = postSolution
		SolutionGuid = {135DB524-EA85-47CA-B7D4-8E2461B851F6}
	EndGlobalSection
EndGlobal
